// !$*UTF8*$!
{
	archiveVersion = 1;
	classes = {
	};
	objectVersion = 50;
	objects = {

/* Begin PBXBuildFile section */
		C5AAE53D21D7FF8900F86DC9 /* main.cpp in Sources */ = {isa = PBXBuildFile; fileRef = C5AAE53C21D7FF8900F86DC9 /* main.cpp */; };
		C5AAE54121D7FF9500F86DC9 /* main.cpp in Sources */ = {isa = PBXBuildFile; fileRef = C5AAE53C21D7FF8900F86DC9 /* main.cpp */; };
		C5AAE54221D8000800F86DC9 /* main.cpp in Sources */ = {isa = PBXBuildFile; fileRef = C5AAE53C21D7FF8900F86DC9 /* main.cpp */; };
		C5BCFC5121D6EDAD00879D5F /* main.cpp in Sources */ = {isa = PBXBuildFile; fileRef = C5BCFC5021D6EDAD00879D5F /* main.cpp */; };
		C5BCFC5D21D6F92400879D5F /* main.cpp in Sources */ = {isa = PBXBuildFile; fileRef = C5BCFC5C21D6F92400879D5F /* main.cpp */; };
/* End PBXBuildFile section */

/* Begin PBXCopyFilesBuildPhase section */
		C58348DA21D57C2D00945331 /* CopyFiles */ = {
			isa = PBXCopyFilesBuildPhase;
			buildActionMask = 2147483647;
			dstPath = /usr/share/man/man1/;
			dstSubfolderSpec = 0;
			files = (
			);
			runOnlyForDeploymentPostprocessing = 1;
		};
		C5AAE52D21D7FF5800F86DC9 /* CopyFiles */ = {
			isa = PBXCopyFilesBuildPhase;
			buildActionMask = 2147483647;
			dstPath = /usr/share/man/man1/;
			dstSubfolderSpec = 0;
			files = (
			);
			runOnlyForDeploymentPostprocessing = 1;
		};
		C5AAE53821D7FF8900F86DC9 /* CopyFiles */ = {
			isa = PBXCopyFilesBuildPhase;
			buildActionMask = 2147483647;
			dstPath = /usr/share/man/man1/;
			dstSubfolderSpec = 0;
			files = (
			);
			runOnlyForDeploymentPostprocessing = 1;
		};
		C5BCFC4C21D6EDAD00879D5F /* CopyFiles */ = {
			isa = PBXCopyFilesBuildPhase;
			buildActionMask = 2147483647;
			dstPath = /usr/share/man/man1/;
			dstSubfolderSpec = 0;
			files = (
			);
			runOnlyForDeploymentPostprocessing = 1;
		};
		C5BCFC5821D6F92400879D5F /* CopyFiles */ = {
			isa = PBXCopyFilesBuildPhase;
			buildActionMask = 2147483647;
			dstPath = /usr/share/man/man1/;
			dstSubfolderSpec = 0;
			files = (
			);
			runOnlyForDeploymentPostprocessing = 1;
		};
/* End PBXCopyFilesBuildPhase section */

/* Begin PBXFileReference section */
		C58348DC21D57C2D00945331 /* Week-7 */ = {isa = PBXFileReference; explicitFileType = "compiled.mach-o.executable"; includeInIndex = 0; path = "Week-7"; sourceTree = BUILT_PRODUCTS_DIR; };
		C58348DF21D57C2D00945331 /* main.cpp */ = {isa = PBXFileReference; lastKnownFileType = sourcecode.cpp.cpp; path = main.cpp; sourceTree = "<group>"; };
		C5AAE51C21D7FF3400F86DC9 /* .appex */ = {isa = PBXFileReference; explicitFileType = "wrapper.app-extension"; includeInIndex = 0; path = .appex; sourceTree = BUILT_PRODUCTS_DIR; };
		C5AAE52F21D7FF5800F86DC9 /* Assignmen4-1 */ = {isa = PBXFileReference; explicitFileType = "compiled.mach-o.executable"; includeInIndex = 0; path = "Assignmen4-1"; sourceTree = BUILT_PRODUCTS_DIR; };
		C5AAE53A21D7FF8900F86DC9 /* Assignment4- 1 */ = {isa = PBXFileReference; explicitFileType = "compiled.mach-o.executable"; includeInIndex = 0; path = "Assignment4- 1"; sourceTree = BUILT_PRODUCTS_DIR; };
		C5AAE53C21D7FF8900F86DC9 /* main.cpp */ = {isa = PBXFileReference; lastKnownFileType = sourcecode.cpp.cpp; path = main.cpp; sourceTree = "<group>"; };
		C5BCFC4E21D6EDAD00879D5F /* FloatDouble */ = {isa = PBXFileReference; explicitFileType = "compiled.mach-o.executable"; includeInIndex = 0; path = FloatDouble; sourceTree = BUILT_PRODUCTS_DIR; };
		C5BCFC5021D6EDAD00879D5F /* main.cpp */ = {isa = PBXFileReference; lastKnownFileType = sourcecode.cpp.cpp; path = main.cpp; sourceTree = "<group>"; };
		C5BCFC5A21D6F92400879D5F /* ASCII */ = {isa = PBXFileReference; explicitFileType = "compiled.mach-o.executable"; includeInIndex = 0; path = ASCII; sourceTree = BUILT_PRODUCTS_DIR; };
		C5BCFC5C21D6F92400879D5F /* main.cpp */ = {isa = PBXFileReference; lastKnownFileType = sourcecode.cpp.cpp; path = main.cpp; sourceTree = "<group>"; };
/* End PBXFileReference section */

/* Begin PBXFrameworksBuildPhase section */
		C58348D921D57C2D00945331 /* Frameworks */ = {
			isa = PBXFrameworksBuildPhase;
			buildActionMask = 2147483647;
			files = (
			);
			runOnlyForDeploymentPostprocessing = 0;
		};
		C5AAE51921D7FF3400F86DC9 /* Frameworks */ = {
			isa = PBXFrameworksBuildPhase;
			buildActionMask = 2147483647;
			files = (
			);
			runOnlyForDeploymentPostprocessing = 0;
		};
		C5AAE52C21D7FF5800F86DC9 /* Frameworks */ = {
			isa = PBXFrameworksBuildPhase;
			buildActionMask = 2147483647;
			files = (
			);
			runOnlyForDeploymentPostprocessing = 0;
		};
		C5AAE53721D7FF8900F86DC9 /* Frameworks */ = {
			isa = PBXFrameworksBuildPhase;
			buildActionMask = 2147483647;
			files = (
			);
			runOnlyForDeploymentPostprocessing = 0;
		};
		C5BCFC4B21D6EDAD00879D5F /* Frameworks */ = {
			isa = PBXFrameworksBuildPhase;
			buildActionMask = 2147483647;
			files = (
			);
			runOnlyForDeploymentPostprocessing = 0;
		};
		C5BCFC5721D6F92400879D5F /* Frameworks */ = {
			isa = PBXFrameworksBuildPhase;
			buildActionMask = 2147483647;
			files = (
			);
			runOnlyForDeploymentPostprocessing = 0;
		};
/* End PBXFrameworksBuildPhase section */

/* Begin PBXGroup section */
		C58348D321D57C2D00945331 = {
			isa = PBXGroup;
			children = (
				C58348DE21D57C2D00945331 /* Week-7 */,
				C5BCFC4F21D6EDAD00879D5F /* FloatDouble */,
				C5BCFC5B21D6F92400879D5F /* ASCII */,
				C5AAE53B21D7FF8900F86DC9 /* Assignment4- 1 */,
				C58348DD21D57C2D00945331 /* Products */,
			);
			sourceTree = "<group>";
		};
		C58348DD21D57C2D00945331 /* Products */ = {
			isa = PBXGroup;
			children = (
				C58348DC21D57C2D00945331 /* Week-7 */,
				C5BCFC4E21D6EDAD00879D5F /* FloatDouble */,
				C5BCFC5A21D6F92400879D5F /* ASCII */,
				C5AAE51C21D7FF3400F86DC9 /* .appex */,
				C5AAE52F21D7FF5800F86DC9 /* Assignmen4-1 */,
				C5AAE53A21D7FF8900F86DC9 /* Assignment4- 1 */,
			);
			name = Products;
			sourceTree = "<group>";
		};
		C58348DE21D57C2D00945331 /* Week-7 */ = {
			isa = PBXGroup;
			children = (
				C58348DF21D57C2D00945331 /* main.cpp */,
			);
			path = "Week-7";
			sourceTree = "<group>";
		};
		C5AAE53B21D7FF8900F86DC9 /* Assignment4- 1 */ = {
			isa = PBXGroup;
			children = (
				C5AAE53C21D7FF8900F86DC9 /* main.cpp */,
			);
			path = "Assignment4- 1";
			sourceTree = "<group>";
		};
		C5BCFC4F21D6EDAD00879D5F /* FloatDouble */ = {
			isa = PBXGroup;
			children = (
				C5BCFC5021D6EDAD00879D5F /* main.cpp */,
			);
			path = FloatDouble;
			sourceTree = "<group>";
		};
		C5BCFC5B21D6F92400879D5F /* ASCII */ = {
			isa = PBXGroup;
			children = (
				C5BCFC5C21D6F92400879D5F /* main.cpp */,
			);
			path = ASCII;
			sourceTree = "<group>";
		};
/* End PBXGroup section */

/* Begin PBXNativeTarget section */
		C58348DB21D57C2D00945331 /* Week-7 */ = {
			isa = PBXNativeTarget;
			buildConfigurationList = C58348E321D57C2D00945331 /* Build configuration list for PBXNativeTarget "Week-7" */;
			buildPhases = (
				C58348D821D57C2D00945331 /* Sources */,
				C58348D921D57C2D00945331 /* Frameworks */,
				C58348DA21D57C2D00945331 /* CopyFiles */,
			);
			buildRules = (
			);
			dependencies = (
			);
			name = "Week-7";
			productName = "Week-7";
			productReference = C58348DC21D57C2D00945331 /* Week-7 */;
			productType = "com.apple.product-type.tool";
		};
		C5AAE51B21D7FF3400F86DC9 /* Assignment4-1 */ = {
			isa = PBXNativeTarget;
			buildConfigurationList = C5AAE52A21D7FF3400F86DC9 /* Build configuration list for PBXNativeTarget "Assignment4-1" */;
			buildPhases = (
				C5AAE51821D7FF3400F86DC9 /* Sources */,
				C5AAE51921D7FF3400F86DC9 /* Frameworks */,
				C5AAE51A21D7FF3400F86DC9 /* Resources */,
			);
			buildRules = (
			);
			dependencies = (
			);
			name = "Assignment4-1";
			productName = "Assignment4-1";
			productReference = C5AAE51C21D7FF3400F86DC9 /* .appex */;
			productType = "com.apple.product-type.app-extension";
		};
		C5AAE52E21D7FF5800F86DC9 /* Assignmen4-1 */ = {
			isa = PBXNativeTarget;
			buildConfigurationList = C5AAE53321D7FF5800F86DC9 /* Build configuration list for PBXNativeTarget "Assignmen4-1" */;
			buildPhases = (
				C5AAE52B21D7FF5800F86DC9 /* Sources */,
				C5AAE52C21D7FF5800F86DC9 /* Frameworks */,
				C5AAE52D21D7FF5800F86DC9 /* CopyFiles */,
			);
			buildRules = (
			);
			dependencies = (
			);
			name = "Assignmen4-1";
			productName = "Assignmen4-1";
			productReference = C5AAE52F21D7FF5800F86DC9 /* Assignmen4-1 */;
			productType = "com.apple.product-type.tool";
		};
		C5AAE53921D7FF8900F86DC9 /* Assignment4- 1 */ = {
			isa = PBXNativeTarget;
			buildConfigurationList = C5AAE53E21D7FF8900F86DC9 /* Build configuration list for PBXNativeTarget "Assignment4- 1" */;
			buildPhases = (
				C5AAE53621D7FF8900F86DC9 /* Sources */,
				C5AAE53721D7FF8900F86DC9 /* Frameworks */,
				C5AAE53821D7FF8900F86DC9 /* CopyFiles */,
			);
			buildRules = (
			);
			dependencies = (
			);
			name = "Assignment4- 1";
			productName = "Assignment4- 1";
			productReference = C5AAE53A21D7FF8900F86DC9 /* Assignment4- 1 */;
			productType = "com.apple.product-type.tool";
		};
		C5BCFC4D21D6EDAD00879D5F /* FloatDouble */ = {
			isa = PBXNativeTarget;
			buildConfigurationList = C5BCFC5421D6EDAD00879D5F /* Build configuration list for PBXNativeTarget "FloatDouble" */;
			buildPhases = (
				C5BCFC4A21D6EDAD00879D5F /* Sources */,
				C5BCFC4B21D6EDAD00879D5F /* Frameworks */,
				C5BCFC4C21D6EDAD00879D5F /* CopyFiles */,
			);
			buildRules = (
			);
			dependencies = (
			);
			name = FloatDouble;
			productName = FloatDouble;
			productReference = C5BCFC4E21D6EDAD00879D5F /* FloatDouble */;
			productType = "com.apple.product-type.tool";
		};
		C5BCFC5921D6F92400879D5F /* ASCII */ = {
			isa = PBXNativeTarget;
			buildConfigurationList = C5BCFC6021D6F92400879D5F /* Build configuration list for PBXNativeTarget "ASCII" */;
			buildPhases = (
				C5BCFC5621D6F92400879D5F /* Sources */,
				C5BCFC5721D6F92400879D5F /* Frameworks */,
				C5BCFC5821D6F92400879D5F /* CopyFiles */,
			);
			buildRules = (
			);
			dependencies = (
			);
			name = ASCII;
			productName = ASCII;
			productReference = C5BCFC5A21D6F92400879D5F /* ASCII */;
			productType = "com.apple.product-type.tool";
		};
/* End PBXNativeTarget section */

/* Begin PBXProject section */
		C58348D421D57C2D00945331 /* Project object */ = {
			isa = PBXProject;
			attributes = {
				LastSwiftUpdateCheck = 1000;
				LastUpgradeCheck = 1000;
				ORGANIZATIONNAME = "Xiaolong Li";
				TargetAttributes = {
					C58348DB21D57C2D00945331 = {
						CreatedOnToolsVersion = 10.0;
					};
					C5AAE51B21D7FF3400F86DC9 = {
						CreatedOnToolsVersion = 10.0;
					};
					C5AAE52E21D7FF5800F86DC9 = {
						CreatedOnToolsVersion = 10.0;
					};
					C5AAE53921D7FF8900F86DC9 = {
						CreatedOnToolsVersion = 10.0;
					};
					C5BCFC4D21D6EDAD00879D5F = {
						CreatedOnToolsVersion = 10.0;
					};
					C5BCFC5921D6F92400879D5F = {
						CreatedOnToolsVersion = 10.0;
					};
				};
			};
			buildConfigurationList = C58348D721D57C2D00945331 /* Build configuration list for PBXProject "Week-7" */;
			compatibilityVersion = "Xcode 9.3";
			developmentRegion = en;
			hasScannedForEncodings = 0;
			knownRegions = (
				en,
				Base,
			);
			mainGroup = C58348D321D57C2D00945331;
			productRefGroup = C58348DD21D57C2D00945331 /* Products */;
			projectDirPath = "";
			projectRoot = "";
			targets = (
				C58348DB21D57C2D00945331 /* Week-7 */,
				C5BCFC4D21D6EDAD00879D5F /* FloatDouble */,
				C5BCFC5921D6F92400879D5F /* ASCII */,
				C5AAE51B21D7FF3400F86DC9 /* Assignment4-1 */,
				C5AAE52E21D7FF5800F86DC9 /* Assignmen4-1 */,
				C5AAE53921D7FF8900F86DC9 /* Assignment4- 1 */,
			);
		};
/* End PBXProject section */

/* Begin PBXResourcesBuildPhase section */
		C5AAE51A21D7FF3400F86DC9 /* Resources */ = {
			isa = PBXResourcesBuildPhase;
			buildActionMask = 2147483647;
			files = (
			);
			runOnlyForDeploymentPostprocessing = 0;
		};
/* End PBXResourcesBuildPhase section */

/* Begin PBXSourcesBuildPhase section */
		C58348D821D57C2D00945331 /* Sources */ = {
			isa = PBXSourcesBuildPhase;
			buildActionMask = 2147483647;
			files = (
				C5AAE54121D7FF9500F86DC9 /* main.cpp in Sources */,
			);
			runOnlyForDeploymentPostprocessing = 0;
		};
		C5AAE51821D7FF3400F86DC9 /* Sources */ = {
			isa = PBXSourcesBuildPhase;
			buildActionMask = 2147483647;
			files = (
				C5AAE54221D8000800F86DC9 /* main.cpp in Sources */,
			);
			runOnlyForDeploymentPostprocessing = 0;
		};
		C5AAE52B21D7FF5800F86DC9 /* Sources */ = {
			isa = PBXSourcesBuildPhase;
			buildActionMask = 2147483647;
			files = (
			);
			runOnlyForDeploymentPostprocessing = 0;
		};
		C5AAE53621D7FF8900F86DC9 /* Sources */ = {
			isa = PBXSourcesBuildPhase;
			buildActionMask = 2147483647;
			files = (
				C5AAE53D21D7FF8900F86DC9 /* main.cpp in Sources */,
			);
			runOnlyForDeploymentPostprocessing = 0;
		};
		C5BCFC4A21D6EDAD00879D5F /* Sources */ = {
			isa = PBXSourcesBuildPhase;
			buildActionMask = 2147483647;
			files = (
				C5BCFC5121D6EDAD00879D5F /* main.cpp in Sources */,
			);
			runOnlyForDeploymentPostprocessing = 0;
		};
		C5BCFC5621D6F92400879D5F /* Sources */ = {
			isa = PBXSourcesBuildPhase;
			buildActionMask = 2147483647;
			files = (
				C5BCFC5D21D6F92400879D5F /* main.cpp in Sources */,
			);
			runOnlyForDeploymentPostprocessing = 0;
		};
/* End PBXSourcesBuildPhase section */

/* Begin XCBuildConfiguration section */
		C58348E121D57C2D00945331 /* Debug */ = {
			isa = XCBuildConfiguration;
			buildSettings = {
				ALWAYS_SEARCH_USER_PATHS = NO;
				CLANG_ANALYZER_NONNULL = YES;
				CLANG_ANALYZER_NUMBER_OBJECT_CONVERSION = YES_AGGRESSIVE;
				CLANG_CXX_LANGUAGE_STANDARD = "gnu++14";
				CLANG_CXX_LIBRARY = "libc++";
				CLANG_ENABLE_MODULES = YES;
				CLANG_ENABLE_OBJC_ARC = YES;
				CLANG_ENABLE_OBJC_WEAK = YES;
				CLANG_WARN_BLOCK_CAPTURE_AUTORELEASING = YES;
				CLANG_WARN_BOOL_CONVERSION = YES;
				CLANG_WARN_COMMA = YES;
				CLANG_WARN_CONSTANT_CONVERSION = YES;
				CLANG_WARN_DEPRECATED_OBJC_IMPLEMENTATIONS = YES;
				CLANG_WARN_DIRECT_OBJC_ISA_USAGE = YES_ERROR;
				CLANG_WARN_DOCUMENTATION_COMMENTS = YES;
				CLANG_WARN_EMPTY_BODY = YES;
				CLANG_WARN_ENUM_CONVERSION = YES;
				CLANG_WARN_INFINITE_RECURSION = YES;
				CLANG_WARN_INT_CONVERSION = YES;
				CLANG_WARN_NON_LITERAL_NULL_CONVERSION = YES;
				CLANG_WARN_OBJC_IMPLICIT_RETAIN_SELF = YES;
				CLANG_WARN_OBJC_LITERAL_CONVERSION = YES;
				CLANG_WARN_OBJC_ROOT_CLASS = YES_ERROR;
				CLANG_WARN_RANGE_LOOP_ANALYSIS = YES;
				CLANG_WARN_STRICT_PROTOTYPES = YES;
				CLANG_WARN_SUSPICIOUS_MOVE = YES;
				CLANG_WARN_UNGUARDED_AVAILABILITY = YES_AGGRESSIVE;
				CLANG_WARN_UNREACHABLE_CODE = YES;
				CLANG_WARN__DUPLICATE_METHOD_MATCH = YES;
				CODE_SIGN_IDENTITY = "-";
				COPY_PHASE_STRIP = NO;
				DEBUG_INFORMATION_FORMAT = dwarf;
				ENABLE_STRICT_OBJC_MSGSEND = YES;
				ENABLE_TESTABILITY = YES;
				GCC_C_LANGUAGE_STANDARD = gnu11;
				GCC_DYNAMIC_NO_PIC = NO;
				GCC_NO_COMMON_BLOCKS = YES;
				GCC_OPTIMIZATION_LEVEL = 0;
				GCC_PREPROCESSOR_DEFINITIONS = (
					"DEBUG=1",
					"$(inherited)",
				);
				GCC_WARN_64_TO_32_BIT_CONVERSION = YES;
				GCC_WARN_ABOUT_RETURN_TYPE = YES_ERROR;
				GCC_WARN_UNDECLARED_SELECTOR = YES;
				GCC_WARN_UNINITIALIZED_AUTOS = YES_AGGRESSIVE;
				GCC_WARN_UNUSED_FUNCTION = YES;
				GCC_WARN_UNUSED_VARIABLE = YES;
				MACOSX_DEPLOYMENT_TARGET = 10.13;
				MTL_ENABLE_DEBUG_INFO = INCLUDE_SOURCE;
				MTL_FAST_MATH = YES;
				ONLY_ACTIVE_ARCH = YES;
				SDKROOT = macosx;
			};
			name = Debug;
		};
		C58348E221D57C2D00945331 /* Release */ = {
			isa = XCBuildConfiguration;
			buildSettings = {
				ALWAYS_SEARCH_USER_PATHS = NO;
				CLANG_ANALYZER_NONNULL = YES;
				CLANG_ANALYZER_NUMBER_OBJECT_CONVERSION = YES_AGGRESSIVE;
				CLANG_CXX_LANGUAGE_STANDARD = "gnu++14";
				CLANG_CXX_LIBRARY = "libc++";
				CLANG_ENABLE_MODULES = YES;
				CLANG_ENABLE_OBJC_ARC = YES;
				CLANG_ENABLE_OBJC_WEAK = YES;
				CLANG_WARN_BLOCK_CAPTURE_AUTORELEASING = YES;
				CLANG_WARN_BOOL_CONVERSION = YES;
				CLANG_WARN_COMMA = YES;
				CLANG_WARN_CONSTANT_CONVERSION = YES;
				CLANG_WARN_DEPRECATED_OBJC_IMPLEMENTATIONS = YES;
				CLANG_WARN_DIRECT_OBJC_ISA_USAGE = YES_ERROR;
				CLANG_WARN_DOCUMENTATION_COMMENTS = YES;
				CLANG_WARN_EMPTY_BODY = YES;
				CLANG_WARN_ENUM_CONVERSION = YES;
				CLANG_WARN_INFINITE_RECURSION = YES;
				CLANG_WARN_INT_CONVERSION = YES;
				CLANG_WARN_NON_LITERAL_NULL_CONVERSION = YES;
				CLANG_WARN_OBJC_IMPLICIT_RETAIN_SELF = YES;
				CLANG_WARN_OBJC_LITERAL_CONVERSION = YES;
				CLANG_WARN_OBJC_ROOT_CLASS = YES_ERROR;
				CLANG_WARN_RANGE_LOOP_ANALYSIS = YES;
				CLANG_WARN_STRICT_PROTOTYPES = YES;
				CLANG_WARN_SUSPICIOUS_MOVE = YES;
				CLANG_WARN_UNGUARDED_AVAILABILITY = YES_AGGRESSIVE;
				CLANG_WARN_UNREACHABLE_CODE = YES;
				CLANG_WARN__DUPLICATE_METHOD_MATCH = YES;
				CODE_SIGN_IDENTITY = "-";
				COPY_PHASE_STRIP = NO;
				DEBUG_INFORMATION_FORMAT = "dwarf-with-dsym";
				ENABLE_NS_ASSERTIONS = NO;
				ENABLE_STRICT_OBJC_MSGSEND = YES;
				GCC_C_LANGUAGE_STANDARD = gnu11;
				GCC_NO_COMMON_BLOCKS = YES;
				GCC_WARN_64_TO_32_BIT_CONVERSION = YES;
				GCC_WARN_ABOUT_RETURN_TYPE = YES_ERROR;
				GCC_WARN_UNDECLARED_SELECTOR = YES;
				GCC_WARN_UNINITIALIZED_AUTOS = YES_AGGRESSIVE;
				GCC_WARN_UNUSED_FUNCTION = YES;
				GCC_WARN_UNUSED_VARIABLE = YES;
				MACOSX_DEPLOYMENT_TARGET = 10.13;
				MTL_ENABLE_DEBUG_INFO = NO;
				MTL_FAST_MATH = YES;
				SDKROOT = macosx;
			};
			name = Release;
		};
		C58348E421D57C2D00945331 /* Debug */ = {
			isa = XCBuildConfiguration;
			buildSettings = {
				CODE_SIGN_STYLE = Automatic;
				PRODUCT_NAME = "$(TARGET_NAME)";
			};
			name = Debug;
		};
		C58348E521D57C2D00945331 /* Release */ = {
			isa = XCBuildConfiguration;
			buildSettings = {
				CODE_SIGN_STYLE = Automatic;
				PRODUCT_NAME = "$(TARGET_NAME)";
			};
			name = Release;
		};
		C5AAE52821D7FF3400F86DC9 /* Debug */ = {
			isa = XCBuildConfiguration;
			buildSettings = {
				CODE_SIGN_ENTITLEMENTS = "";
				CODE_SIGN_STYLE = Automatic;
				INFOPLIST_FILE = "";
				LD_RUNPATH_SEARCH_PATHS = (
					"$(inherited)",
					"@executable_path/../Frameworks",
					"@executable_path/../../../../Frameworks",
				);
				PRODUCT_BUNDLE_IDENTIFIER = "";
				PRODUCT_NAME = "";
				SKIP_INSTALL = YES;
				SWIFT_ACTIVE_COMPILATION_CONDITIONS = DEBUG;
				SWIFT_OPTIMIZATION_LEVEL = "-Onone";
				SWIFT_VERSION = 4.2;
			};
			name = Debug;
		};
		C5AAE52921D7FF3400F86DC9 /* Release */ = {
			isa = XCBuildConfiguration;
			buildSettings = {
				CODE_SIGN_ENTITLEMENTS = "";
				CODE_SIGN_STYLE = Automatic;
				INFOPLIST_FILE = "";
				LD_RUNPATH_SEARCH_PATHS = (
					"$(inherited)",
					"@executable_path/../Frameworks",
					"@executable_path/../../../../Frameworks",
				);
				PRODUCT_BUNDLE_IDENTIFIER = "";
				PRODUCT_NAME = "";
				SKIP_INSTALL = YES;
				SWIFT_COMPILATION_MODE = wholemodule;
				SWIFT_OPTIMIZATION_LEVEL = "-O";
				SWIFT_VERSION = 4.2;
			};
			name = Release;
		};
		C5AAE53421D7FF5800F86DC9 /* Debug */ = {
			isa = XCBuildConfiguration;
			buildSettings = {
				CODE_SIGN_STYLE = Automatic;
				PRODUCT_NAME = "$(TARGET_NAME)";
				SWIFT_ACTIVE_COMPILATION_CONDITIONS = DEBUG;
				SWIFT_OPTIMIZATION_LEVEL = "-Onone";
				SWIFT_VERSION = 4.2;
			};
			name = Debug;
		};
		C5AAE53521D7FF5800F86DC9 /* Release */ = {
			isa = XCBuildConfiguration;
			buildSettings = {
				CODE_SIGN_STYLE = Automatic;
				PRODUCT_NAME = "$(TARGET_NAME)";
				SWIFT_COMPILATION_MODE = wholemodule;
				SWIFT_OPTIMIZATION_LEVEL = "-O";
				SWIFT_VERSION = 4.2;
			};
			name = Release;
		};
		C5AAE53F21D7FF8900F86DC9 /* Debug */ = {
			isa = XCBuildConfiguration;
			buildSettings = {
				CODE_SIGN_STYLE = Automatic;
				PRODUCT_NAME = "$(TARGET_NAME)";
			};
			name = Debug;
		};
		C5AAE54021D7FF8900F86DC9 /* Release */ = {
			isa = XCBuildConfiguration;
			buildSettings = {
				CODE_SIGN_STYLE = Automatic;
				PRODUCT_NAME = "$(TARGET_NAME)";
			};
			name = Release;
		};
		C5BCFC5221D6EDAD00879D5F /* Debug */ = {
			isa = XCBuildConfiguration;
			buildSettings = {
				CODE_SIGN_STYLE = Automatic;
				PRODUCT_NAME = "$(TARGET_NAME)";
			};
			name = Debug;
		};
		C5BCFC5321D6EDAD00879D5F /* Release */ = {
			isa = XCBuildConfiguration;
			buildSettings = {
				CODE_SIGN_STYLE = Automatic;
				PRODUCT_NAME = "$(TARGET_NAME)";
			};
			name = Release;
		};
		C5BCFC5E21D6F92400879D5F /* Debug */ = {
			isa = XCBuildConfiguration;
			buildSettings = {
				CODE_SIGN_STYLE = Automatic;
				PRODUCT_NAME = "$(TARGET_NAME)";
			};
			name = Debug;
		};
		C5BCFC5F21D6F92400879D5F /* Release */ = {
			isa = XCBuildConfiguration;
			buildSettings = {
				CODE_SIGN_STYLE = Automatic;
				PRODUCT_NAME = "$(TARGET_NAME)";
			};
			name = Release;
		};
/* End XCBuildConfiguration section */

/* Begin XCConfigurationList section */
		C58348D721D57C2D00945331 /* Build configuration list for PBXProject "Week-7" */ = {
			isa = XCConfigurationList;
			buildConfigurations = (
				C58348E121D57C2D00945331 /* Debug */,
				C58348E221D57C2D00945331 /* Release */,
			);
			defaultConfigurationIsVisible = 0;
			defaultConfigurationName = Release;
		};
		C58348E321D57C2D00945331 /* Build configuration list for PBXNativeTarget "Week-7" */ = {
			isa = XCConfigurationList;
			buildConfigurations = (
				C58348E421D57C2D00945331 /* Debug */,
				C58348E521D57C2D00945331 /* Release */,
			);
			defaultConfigurationIsVisible = 0;
			defaultConfigurationName = Release;
		};
		C5AAE52A21D7FF3400F86DC9 /* Build configuration list for PBXNativeTarget "Assignment4-1" */ = {
			isa = XCConfigurationList;
			buildConfigurations = (
				C5AAE52821D7FF3400F86DC9 /* Debug */,
				C5AAE52921D7FF3400F86DC9 /* Release */,
			);
			defaultConfigurationIsVisible = 0;
			defaultConfigurationName = Release;
		};
		C5AAE53321D7FF5800F86DC9 /* Build configuration list for PBXNativeTarget "Assignmen4-1" */ = {
			isa = XCConfigurationList;
			buildConfigurations = (
				C5AAE53421D7FF5800F86DC9 /* Debug */,
				C5AAE53521D7FF5800F86DC9 /* Release */,
			);
			defaultConfigurationIsVisible = 0;
			defaultConfigurationName = Release;
		};
		C5AAE53E21D7FF8900F86DC9 /* Build configuration list for PBXNativeTarget "Assignment4- 1" */ = {
			isa = XCConfigurationList;
			buildConfigurations = (
				C5AAE53F21D7FF8900F86DC9 /* Debug */,
				C5AAE54021D7FF8900F86DC9 /* Release */,
			);
			defaultConfigurationIsVisible = 0;
			defaultConfigurationName = Release;
		};
		C5BCFC5421D6EDAD00879D5F /* Build configuration list for PBXNativeTarget "FloatDouble" */ = {
			isa = XCConfigurationList;
			buildConfigurations = (
				C5BCFC5221D6EDAD00879D5F /* Debug */,
				C5BCFC5321D6EDAD00879D5F /* Release */,
			);
			defaultConfigurationIsVisible = 0;
			defaultConfigurationName = Release;
		};
		C5BCFC6021D6F92400879D5F /* Build configuration list for PBXNativeTarget "ASCII" */ = {
			isa = XCConfigurationList;
			buildConfigurations = (
				C5BCFC5E21D6F92400879D5F /* Debug */,
				C5BCFC5F21D6F92400879D5F /* Release */,
			);
			defaultConfigurationIsVisible = 0;
			defaultConfigurationName = Release;
		};
/* End XCConfigurationList section */
	};
	rootObject = C58348D421D57C2D00945331 /* Project object */;
}
